// !$*UTF8*$!
{
	archiveVersion = 1;
	classes = {
	};
	objectVersion = 56;
	objects = {

/* Begin PBXBuildFile section */
		F0000001 /* CCInfoApp.swift in Sources */ = {isa = PBXBuildFile; fileRef = F1000001 /* CCInfoApp.swift */; };
		F0000002 /* AppDelegate.swift in Sources */ = {isa = PBXBuildFile; fileRef = F1000002 /* AppDelegate.swift */; };
		F0000003 /* UsageData.swift in Sources */ = {isa = PBXBuildFile; fileRef = F1000003 /* UsageData.swift */; };
		F0000004 /* SessionData.swift in Sources */ = {isa = PBXBuildFile; fileRef = F1000004 /* SessionData.swift */; };
		F0000005 /* ClaudeAPIClient.swift in Sources */ = {isa = PBXBuildFile; fileRef = F1000005 /* ClaudeAPIClient.swift */; };
		F0000006 /* KeychainService.swift in Sources */ = {isa = PBXBuildFile; fileRef = F1000006 /* KeychainService.swift */; };
		F0000007 /* JSONLParser.swift in Sources */ = {isa = PBXBuildFile; fileRef = F1000007 /* JSONLParser.swift */; };
		F0000008 /* FileWatcher.swift in Sources */ = {isa = PBXBuildFile; fileRef = F1000008 /* FileWatcher.swift */; };
		F0000009 /* MenuBarView.swift in Sources */ = {isa = PBXBuildFile; fileRef = F1000009 /* MenuBarView.swift */; };
		F000000A /* AuthWebView.swift in Sources */ = {isa = PBXBuildFile; fileRef = F100000A /* AuthWebView.swift */; };
		F000000B /* SettingsView.swift in Sources */ = {isa = PBXBuildFile; fileRef = F100000B /* SettingsView.swift */; };
		F000000C /* Assets.xcassets in Resources */ = {isa = PBXBuildFile; fileRef = F100000C /* Assets.xcassets */; };
		F000000D /* Localizable.xcstrings in Resources */ = {isa = PBXBuildFile; fileRef = F100000F /* Localizable.xcstrings */; };
		F000000E /* NotificationService.swift in Sources */ = {isa = PBXBuildFile; fileRef = F1000010 /* NotificationService.swift */; };
		F000000F /* UpdateChecker.swift in Sources */ = {isa = PBXBuildFile; fileRef = F1000011 /* UpdateChecker.swift */; };
/* End PBXBuildFile section */

/* Begin PBXFileReference section */
		F1000001 /* CCInfoApp.swift */ = {isa = PBXFileReference; lastKnownFileType = sourcecode.swift; path = CCInfoApp.swift; sourceTree = "<group>"; };
		F1000002 /* AppDelegate.swift */ = {isa = PBXFileReference; lastKnownFileType = sourcecode.swift; path = AppDelegate.swift; sourceTree = "<group>"; };
		F1000003 /* UsageData.swift */ = {isa = PBXFileReference; lastKnownFileType = sourcecode.swift; path = UsageData.swift; sourceTree = "<group>"; };
		F1000004 /* SessionData.swift */ = {isa = PBXFileReference; lastKnownFileType = sourcecode.swift; path = SessionData.swift; sourceTree = "<group>"; };
		F1000005 /* ClaudeAPIClient.swift */ = {isa = PBXFileReference; lastKnownFileType = sourcecode.swift; path = ClaudeAPIClient.swift; sourceTree = "<group>"; };
		F1000006 /* KeychainService.swift */ = {isa = PBXFileReference; lastKnownFileType = sourcecode.swift; path = KeychainService.swift; sourceTree = "<group>"; };
		F1000007 /* JSONLParser.swift */ = {isa = PBXFileReference; lastKnownFileType = sourcecode.swift; path = JSONLParser.swift; sourceTree = "<group>"; };
		F1000008 /* FileWatcher.swift */ = {isa = PBXFileReference; lastKnownFileType = sourcecode.swift; path = FileWatcher.swift; sourceTree = "<group>"; };
		F1000009 /* MenuBarView.swift */ = {isa = PBXFileReference; lastKnownFileType = sourcecode.swift; path = MenuBarView.swift; sourceTree = "<group>"; };
		F100000A /* AuthWebView.swift */ = {isa = PBXFileReference; lastKnownFileType = sourcecode.swift; path = AuthWebView.swift; sourceTree = "<group>"; };
		F100000B /* SettingsView.swift */ = {isa = PBXFileReference; lastKnownFileType = sourcecode.swift; path = SettingsView.swift; sourceTree = "<group>"; };
		F100000C /* Assets.xcassets */ = {isa = PBXFileReference; lastKnownFileType = folder.assetcatalog; path = Assets.xcassets; sourceTree = "<group>"; };
		F100000D /* Info.plist */ = {isa = PBXFileReference; lastKnownFileType = text.plist.xml; path = Info.plist; sourceTree = "<group>"; };
		F100000E /* CCInfo.entitlements */ = {isa = PBXFileReference; lastKnownFileType = text.plist.entitlements; path = CCInfo.entitlements; sourceTree = "<group>"; };
		F100000F /* Localizable.xcstrings */ = {isa = PBXFileReference; lastKnownFileType = text.json.xcstrings; path = Localizable.xcstrings; sourceTree = "<group>"; };
		F1000010 /* NotificationService.swift */ = {isa = PBXFileReference; lastKnownFileType = sourcecode.swift; path = NotificationService.swift; sourceTree = "<group>"; };
		F1000011 /* UpdateChecker.swift */ = {isa = PBXFileReference; lastKnownFileType = sourcecode.swift; path = UpdateChecker.swift; sourceTree = "<group>"; };
		F1000020 /* CCInfo.app */ = {isa = PBXFileReference; explicitFileType = wrapper.application; includeInIndex = 0; path = CCInfo.app; sourceTree = BUILT_PRODUCTS_DIR; };
/* End PBXFileReference section */

/* Begin PBXFrameworksBuildPhase section */
		F200001D /* Frameworks */ = {
			isa = PBXFrameworksBuildPhase;
			buildActionMask = 2147483647;
			files = (
			);
			runOnlyForDeploymentPostprocessing = 0;
		};
/* End PBXFrameworksBuildPhase section */

/* Begin PBXGroup section */
		F3000000 = {
			isa = PBXGroup;
			children = (
				F3000001 /* CCInfo */,
				F3000010 /* Products */,
			);
			sourceTree = "<group>";
		};
		F3000001 /* CCInfo */ = {
			isa = PBXGroup;
			children = (
				F3000002 /* App */,
				F3000003 /* Models */,
				F3000004 /* Services */,
				F3000005 /* Features */,
				F3000009 /* Resources */,
			);
			path = CCInfo;
			sourceTree = "<group>";
		};
		F3000002 /* App */ = {
			isa = PBXGroup;
			children = (
				F1000001 /* CCInfoApp.swift */,
				F1000002 /* AppDelegate.swift */,
			);
			path = App;
			sourceTree = "<group>";
		};
		F3000003 /* Models */ = {
			isa = PBXGroup;
			children = (
				F1000003 /* UsageData.swift */,
				F1000004 /* SessionData.swift */,
			);
			path = Models;
			sourceTree = "<group>";
		};
		F3000004 /* Services */ = {
			isa = PBXGroup;
			children = (
				F1000005 /* ClaudeAPIClient.swift */,
				F1000006 /* KeychainService.swift */,
				F1000007 /* JSONLParser.swift */,
				F1000008 /* FileWatcher.swift */,
				F1000010 /* NotificationService.swift */,
				F1000011 /* UpdateChecker.swift */,
			);
			path = Services;
			sourceTree = "<group>";
		};
		F3000005 /* Features */ = {
			isa = PBXGroup;
			children = (
				F3000006 /* MenuBar */,
				F3000007 /* Auth */,
				F3000008 /* Settings */,
			);
			path = Features;
			sourceTree = "<group>";
		};
		F3000006 /* MenuBar */ = {
			isa = PBXGroup;
			children = (
				F1000009 /* MenuBarView.swift */,
			);
			path = MenuBar;
			sourceTree = "<group>";
		};
		F3000007 /* Auth */ = {
			isa = PBXGroup;
			children = (
				F100000A /* AuthWebView.swift */,
			);
			path = Auth;
			sourceTree = "<group>";
		};
		F3000008 /* Settings */ = {
			isa = PBXGroup;
			children = (
				F100000B /* SettingsView.swift */,
			);
			path = Settings;
			sourceTree = "<group>";
		};
		F3000009 /* Resources */ = {
			isa = PBXGroup;
			children = (
				F100000C /* Assets.xcassets */,
				F100000D /* Info.plist */,
				F100000E /* CCInfo.entitlements */,
				F100000F /* Localizable.xcstrings */,
			);
			path = Resources;
			sourceTree = "<group>";
		};
		F3000010 /* Products */ = {
			isa = PBXGroup;
			children = (
				F1000020 /* CCInfo.app */,
			);
			name = Products;
			sourceTree = "<group>";
		};
/* End PBXGroup section */

/* Begin PBXNativeTarget section */
		F400001F /* CCInfo */ = {
			isa = PBXNativeTarget;
			buildConfigurationList = F5000024 /* Build configuration list for PBXNativeTarget "CCInfo" */;
			buildPhases = (
				F200001C /* Sources */,
				F200001D /* Frameworks */,
				F200001E /* Resources */,
			);
			buildRules = (
			);
			dependencies = (
			);
			name = CCInfo;
			productName = CCInfo;
			productReference = F1000020 /* CCInfo.app */;
			productType = "com.apple.product-type.application";
		};
/* End PBXNativeTarget section */

/* Begin PBXProject section */
		F6000017 /* Project object */ = {
			isa = PBXProject;
			attributes = {
				BuildIndependentTargetsInParallel = 1;
				LastSwiftUpdateCheck = 1500;
				LastUpgradeCheck = 2620;
				TargetAttributes = {
					F400001F = {
						CreatedOnToolsVersion = 15.0;
					};
				};
			};
			buildConfigurationList = F500001A /* Build configuration list for PBXProject "CCInfo" */;
			compatibilityVersion = "Xcode 14.0";
			developmentRegion = en;
			hasScannedForEncodings = 0;
			knownRegions = (
				en,
				de,
				Base,
			);
			mainGroup = F3000000;
			productRefGroup = F3000010 /* Products */;
			projectDirPath = "";
			projectRoot = "";
			targets = (
				F400001F /* CCInfo */,
			);
		};
/* End PBXProject section */

/* Begin PBXResourcesBuildPhase section */
		F200001E /* Resources */ = {
			isa = PBXResourcesBuildPhase;
			buildActionMask = 2147483647;
			files = (
				F000000C /* Assets.xcassets in Resources */,
				F000000D /* Localizable.xcstrings in Resources */,
			);
			runOnlyForDeploymentPostprocessing = 0;
		};
/* End PBXResourcesBuildPhase section */

/* Begin PBXSourcesBuildPhase section */
		F200001C /* Sources */ = {
			isa = PBXSourcesBuildPhase;
			buildActionMask = 2147483647;
			files = (
				F0000001 /* CCInfoApp.swift in Sources */,
				F0000002 /* AppDelegate.swift in Sources */,
				F0000003 /* UsageData.swift in Sources */,
				F0000004 /* SessionData.swift in Sources */,
				F0000005 /* ClaudeAPIClient.swift in Sources */,
				F0000006 /* KeychainService.swift in Sources */,
				F0000007 /* JSONLParser.swift in Sources */,
				F0000008 /* FileWatcher.swift in Sources */,
				F0000009 /* MenuBarView.swift in Sources */,
				F000000A /* AuthWebView.swift in Sources */,
				F000000B /* SettingsView.swift in Sources */,
				F000000E /* NotificationService.swift in Sources */,
				F000000F /* UpdateChecker.swift in Sources */,
			);
			runOnlyForDeploymentPostprocessing = 0;
		};
/* End PBXSourcesBuildPhase section */

/* Begin XCBuildConfiguration section */
		F7000025 /* Debug */ = {
			isa = XCBuildConfiguration;
			buildSettings = {
				ALWAYS_SEARCH_USER_PATHS = NO;
				ASSETCATALOG_COMPILER_GENERATE_SWIFT_ASSET_SYMBOL_EXTENSIONS = YES;
				CLANG_ANALYZER_LOCALIZABILITY_NONLOCALIZED = YES;
				CLANG_ANALYZER_NONNULL = YES;
				CLANG_CXX_LANGUAGE_STANDARD = "gnu++20";
				CLANG_ENABLE_MODULES = YES;
				CLANG_ENABLE_OBJC_ARC = YES;
				CLANG_WARN_BLOCK_CAPTURE_AUTORELEASING = YES;
				CLANG_WARN_BOOL_CONVERSION = YES;
				CLANG_WARN_COMMA = YES;
				CLANG_WARN_CONSTANT_CONVERSION = YES;
				CLANG_WARN_DEPRECATED_OBJC_IMPLEMENTATIONS = YES;
				CLANG_WARN_DIRECT_OBJC_ISA_USAGE = YES_ERROR;
				CLANG_WARN_DOCUMENTATION_COMMENTS = YES;
				CLANG_WARN_EMPTY_BODY = YES;
				CLANG_WARN_ENUM_CONVERSION = YES;
				CLANG_WARN_INFINITE_RECURSION = YES;
				CLANG_WARN_INT_CONVERSION = YES;
				CLANG_WARN_NON_LITERAL_NULL_CONVERSION = YES;
				CLANG_WARN_OBJC_IMPLICIT_RETAIN_SELF = YES;
				CLANG_WARN_OBJC_LITERAL_CONVERSION = YES;
				CLANG_WARN_OBJC_ROOT_CLASS = YES_ERROR;
				CLANG_WARN_QUOTED_INCLUDE_IN_FRAMEWORK_HEADER = YES;
				CLANG_WARN_RANGE_LOOP_ANALYSIS = YES;
				CLANG_WARN_STRICT_PROTOTYPES = YES;
				CLANG_WARN_SUSPICIOUS_MOVE = YES;
				CLANG_WARN_UNREACHABLE_CODE = YES;
				CLANG_WARN__DUPLICATE_METHOD_MATCH = YES;
				COPY_PHASE_STRIP = NO;
				DEAD_CODE_STRIPPING = YES;
				DEBUG_INFORMATION_FORMAT = dwarf;
				DEVELOPMENT_TEAM = KTSASC4BJK;
				ENABLE_STRICT_OBJC_MSGSEND = YES;
				ENABLE_TESTABILITY = YES;
				ENABLE_USER_SCRIPT_SANDBOXING = YES;
				GCC_DYNAMIC_NO_PIC = NO;
				GCC_NO_COMMON_BLOCKS = YES;
				GCC_OPTIMIZATION_LEVEL = 0;
				GCC_PREPROCESSOR_DEFINITIONS = (
					"DEBUG=1",
					"$(inherited)",
				);
				GCC_WARN_64_TO_32_BIT_CONVERSION = YES;
				GCC_WARN_ABOUT_RETURN_TYPE = YES_ERROR;
				GCC_WARN_UNDECLARED_SELECTOR = YES;
				GCC_WARN_UNINITIALIZED_AUTOS = YES_AGGRESSIVE;
				GCC_WARN_UNUSED_FUNCTION = YES;
				GCC_WARN_UNUSED_VARIABLE = YES;
				MACOSX_DEPLOYMENT_TARGET = 14.0;
				MTL_ENABLE_DEBUG_INFO = INCLUDE_SOURCE;
				MTL_FAST_MATH = YES;
				ONLY_ACTIVE_ARCH = YES;
				SDKROOT = macosx;
				STRING_CATALOG_GENERATE_SYMBOLS = YES;
				SWIFT_ACTIVE_COMPILATION_CONDITIONS = "DEBUG $(inherited)";
				SWIFT_OPTIMIZATION_LEVEL = "-Onone";
			};
			name = Debug;
		};
		F7000026 /* Release */ = {
			isa = XCBuildConfiguration;
			buildSettings = {
				ALWAYS_SEARCH_USER_PATHS = NO;
				ASSETCATALOG_COMPILER_GENERATE_SWIFT_ASSET_SYMBOL_EXTENSIONS = YES;
				CLANG_ANALYZER_LOCALIZABILITY_NONLOCALIZED = YES;
				CLANG_ANALYZER_NONNULL = YES;
				CLANG_CXX_LANGUAGE_STANDARD = "gnu++20";
				CLANG_ENABLE_MODULES = YES;
				CLANG_ENABLE_OBJC_ARC = YES;
				CLANG_WARN_BLOCK_CAPTURE_AUTORELEASING = YES;
				CLANG_WARN_BOOL_CONVERSION = YES;
				CLANG_WARN_COMMA = YES;
				CLANG_WARN_CONSTANT_CONVERSION = YES;
				CLANG_WARN_DEPRECATED_OBJC_IMPLEMENTATIONS = YES;
				CLANG_WARN_DIRECT_OBJC_ISA_USAGE = YES_ERROR;
				CLANG_WARN_DOCUMENTATION_COMMENTS = YES;
				CLANG_WARN_EMPTY_BODY = YES;
				CLANG_WARN_ENUM_CONVERSION = YES;
				CLANG_WARN_INFINITE_RECURSION = YES;
				CLANG_WARN_INT_CONVERSION = YES;
				CLANG_WARN_NON_LITERAL_NULL_CONVERSION = YES;
				CLANG_WARN_OBJC_IMPLICIT_RETAIN_SELF = YES;
				CLANG_WARN_OBJC_LITERAL_CONVERSION = YES;
				CLANG_WARN_OBJC_ROOT_CLASS = YES_ERROR;
				CLANG_WARN_QUOTED_INCLUDE_IN_FRAMEWORK_HEADER = YES;
				CLANG_WARN_RANGE_LOOP_ANALYSIS = YES;
				CLANG_WARN_STRICT_PROTOTYPES = YES;
				CLANG_WARN_SUSPICIOUS_MOVE = YES;
				CLANG_WARN_UNREACHABLE_CODE = YES;
				CLANG_WARN__DUPLICATE_METHOD_MATCH = YES;
				COPY_PHASE_STRIP = NO;
				DEAD_CODE_STRIPPING = YES;
				DEBUG_INFORMATION_FORMAT = "dwarf-with-dsym";
				DEVELOPMENT_TEAM = KTSASC4BJK;
				ENABLE_NS_ASSERTIONS = NO;
				ENABLE_STRICT_OBJC_MSGSEND = YES;
				ENABLE_USER_SCRIPT_SANDBOXING = YES;
				GCC_NO_COMMON_BLOCKS = YES;
				GCC_WARN_64_TO_32_BIT_CONVERSION = YES;
				GCC_WARN_ABOUT_RETURN_TYPE = YES_ERROR;
				GCC_WARN_UNDECLARED_SELECTOR = YES;
				GCC_WARN_UNINITIALIZED_AUTOS = YES_AGGRESSIVE;
				GCC_WARN_UNUSED_FUNCTION = YES;
				GCC_WARN_UNUSED_VARIABLE = YES;
				MACOSX_DEPLOYMENT_TARGET = 14.0;
				MTL_ENABLE_DEBUG_INFO = NO;
				MTL_FAST_MATH = YES;
				SDKROOT = macosx;
				STRING_CATALOG_GENERATE_SYMBOLS = YES;
				SWIFT_COMPILATION_MODE = wholemodule;
			};
			name = Release;
		};
		F7000027 /* Debug */ = {
			isa = XCBuildConfiguration;
			buildSettings = {
				ASSETCATALOG_COMPILER_APPICON_NAME = AppIcon;
				CODE_SIGN_ENTITLEMENTS = CCInfo/Resources/CCInfo.entitlements;
				CODE_SIGN_STYLE = Automatic;
				COMBINE_HIDPI_IMAGES = YES;
				CURRENT_PROJECT_VERSION = 1;
				DEAD_CODE_STRIPPING = YES;
				ENABLE_APP_SANDBOX = NO;
				ENABLE_HARDENED_RUNTIME = YES;
				ENABLE_INCOMING_NETWORK_CONNECTIONS = NO;
				ENABLE_OUTGOING_NETWORK_CONNECTIONS = YES;
				ENABLE_RESOURCE_ACCESS_AUDIO_INPUT = NO;
				ENABLE_RESOURCE_ACCESS_BLUETOOTH = NO;
				ENABLE_RESOURCE_ACCESS_CALENDARS = NO;
				ENABLE_RESOURCE_ACCESS_CAMERA = NO;
				ENABLE_RESOURCE_ACCESS_CONTACTS = NO;
				ENABLE_RESOURCE_ACCESS_LOCATION = NO;
				ENABLE_RESOURCE_ACCESS_PRINTING = NO;
				ENABLE_RESOURCE_ACCESS_USB = NO;
				ENABLE_USER_SELECTED_FILES = readwrite;
				GENERATE_INFOPLIST_FILE = NO;
				INFOPLIST_FILE = CCInfo/Resources/Info.plist;
				INFOPLIST_KEY_LSApplicationCategoryType = "public.app-category.developer-tools";
				LD_RUNPATH_SEARCH_PATHS = (
					"$(inherited)",
					"@executable_path/../Frameworks",
				);
				MARKETING_VERSION = 1.0.0;
				PRODUCT_BUNDLE_IDENTIFIER = com.ccinfo.app;
				PRODUCT_NAME = "$(TARGET_NAME)";
				SWIFT_EMIT_LOC_STRINGS = YES;
				SWIFT_VERSION = 5.0;
			};
			name = Debug;
		};
		F7000028 /* Release */ = {
			isa = XCBuildConfiguration;
			buildSettings = {
				ASSETCATALOG_COMPILER_APPICON_NAME = AppIcon;
				CODE_SIGN_ENTITLEMENTS = CCInfo/Resources/CCInfo.entitlements;
				CODE_SIGN_STYLE = Automatic;
				COMBINE_HIDPI_IMAGES = YES;
				CURRENT_PROJECT_VERSION = 1;
				DEAD_CODE_STRIPPING = YES;
				ENABLE_APP_SANDBOX = NO;
				ENABLE_HARDENED_RUNTIME = YES;
				ENABLE_INCOMING_NETWORK_CONNECTIONS = NO;
				ENABLE_OUTGOING_NETWORK_CONNECTIONS = YES;
				ENABLE_RESOURCE_ACCESS_AUDIO_INPUT = NO;
				ENABLE_RESOURCE_ACCESS_BLUETOOTH = NO;
				ENABLE_RESOURCE_ACCESS_CALENDARS = NO;
				ENABLE_RESOURCE_ACCESS_CAMERA = NO;
				ENABLE_RESOURCE_ACCESS_CONTACTS = NO;
				ENABLE_RESOURCE_ACCESS_LOCATION = NO;
				ENABLE_RESOURCE_ACCESS_PRINTING = NO;
				ENABLE_RESOURCE_ACCESS_USB = NO;
				ENABLE_USER_SELECTED_FILES = readwrite;
				GENERATE_INFOPLIST_FILE = NO;
				INFOPLIST_FILE = CCInfo/Resources/Info.plist;
				INFOPLIST_KEY_LSApplicationCategoryType = "public.app-category.developer-tools";
				LD_RUNPATH_SEARCH_PATHS = (
					"$(inherited)",
					"@executable_path/../Frameworks",
				);
				MARKETING_VERSION = 1.0.0;
				PRODUCT_BUNDLE_IDENTIFIER = com.ccinfo.app;
				PRODUCT_NAME = "$(TARGET_NAME)";
				SWIFT_EMIT_LOC_STRINGS = YES;
				SWIFT_VERSION = 5.0;
			};
			name = Release;
		};
/* End XCBuildConfiguration section */

/* Begin XCConfigurationList section */
		F500001A /* Build configuration list for PBXProject "CCInfo" */ = {
			isa = XCConfigurationList;
			buildConfigurations = (
				F7000025 /* Debug */,
				F7000026 /* Release */,
			);
			defaultConfigurationIsVisible = 0;
			defaultConfigurationName = Release;
		};
		F5000024 /* Build configuration list for PBXNativeTarget "CCInfo" */ = {
			isa = XCConfigurationList;
			buildConfigurations = (
				F7000027 /* Debug */,
				F7000028 /* Release */,
			);
			defaultConfigurationIsVisible = 0;
			defaultConfigurationName = Release;
		};
/* End XCConfigurationList section */
	};
	rootObject = F6000017 /* Project object */;
}
